
Microsoft Visual Studio Solution File, Format Version 12.00
# Visual Studio Version 17
VisualStudioVersion = 17.2.32526.322
MinimumVisualStudioVersion = 10.0.40219.1
Project("{FAE04EC0-301F-11D3-BF4B-00C04F79EFBC}") = "Calculation", "Calculation\Calculation.csproj", "{62EB2903-E309-407D-BD8E-14DC7B14C8DC}"
EndProject
Global
	GlobalSection(SolutionConfigurationPlatforms) = preSolution
		Debug|Any CPU = Debug|Any CPU
		Release|Any CPU = Release|Any CPU
	EndGlobalSection
	GlobalSection(ProjectConfigurationPlatforms) = postSolution
		{62EB2903-E309-407D-BD8E-14DC7B14C8DC}.Debug|Any CPU.ActiveCfg = Debug|Any CPU
		{62EB2903-E309-407D-BD8E-14DC7B14C8DC}.Debug|Any CPU.Build.0 = Debug|Any CPU
		{62EB2903-E309-407D-BD8E-14DC7B14C8DC}.Release|Any CPU.ActiveCfg = Release|Any CPU
		{62EB2903-E309-407D-BD8E-14DC7B14C8DC}.Release|Any CPU.Build.0 = Release|Any CPU
	EndGlobalSection
	GlobalSection(SolutionProperties) = preSolution
		HideSolutionNode = FALSE
	EndGlobalSection
	GlobalSection(ExtensibilityGlobals) = postSolution
		SolutionGuid = {7F2865E7-20A9-41FE-A947-EAD241907C3F}
	EndGlobalSection
EndGlobal
